
Microsoft Visual Studio Solution File, Format Version 12.00
# Visual Studio Version 16
VisualStudioVersion = 16.0.810.4
MinimumVisualStudioVersion = 10.0.40219.1
Project("{FAE04EC0-301F-11D3-BF4B-00C04F79EFBC}") = "tusozluk", "tusozluk\tusozluk.csproj", "{AE23361C-3A95-4A45-BC51-26A207A62506}"
EndProject
Global
	GlobalSection(SolutionConfigurationPlatforms) = preSolution
		Debug|Any CPU = Debug|Any CPU
		Release|Any CPU = Release|Any CPU
	EndGlobalSection
	GlobalSection(ProjectConfigurationPlatforms) = postSolution
		{AE23361C-3A95-4A45-BC51-26A207A62506}.Debug|Any CPU.ActiveCfg = Debug|Any CPU
		{AE23361C-3A95-4A45-BC51-26A207A62506}.Debug|Any CPU.Build.0 = Debug|Any CPU
		{AE23361C-3A95-4A45-BC51-26A207A62506}.Release|Any CPU.ActiveCfg = Release|Any CPU
		{AE23361C-3A95-4A45-BC51-26A207A62506}.Release|Any CPU.Build.0 = Release|Any CPU
	EndGlobalSection
	GlobalSection(SolutionProperties) = preSolution
		HideSolutionNode = FALSE
	EndGlobalSection
	GlobalSection(ExtensibilityGlobals) = postSolution
		SolutionGuid = {A1F7E1FC-17CF-449B-898E-AEEFC95E51D6}
	EndGlobalSection
EndGlobal
